{
    "hash": "f563696b0277612201673922aadadf94",
    "packages": [
        {
            "name": "bigelephant/presenter",
            "version": "dev-master",
            "source": {
                "type": "git",
                "url": "https://github.com/bigelephant/presenter",
                "reference": "9467dc9cd1f1232e5ed1b97e6742e9211dc635f5"
            },
            "dist": {
                "type": "zip",
                "url": "https://api.github.com/repos/bigelephant/presenter/zipball/9467dc9cd1f1232e5ed1b97e6742e9211dc635f5",
                "reference": "9467dc9cd1f1232e5ed1b97e6742e9211dc635f5",
                "shasum": ""
            },
            "require": {
                "illuminate/support": "4.0.x",
                "php": ">=5.3.0"
            },
            "require-dev": {
                "illuminate/view": "dev-master",
                "mockery/mockery": "0.7.2"
            },
            "time": "2013-02-11 17:49:52",
            "type": "library",
            "autoload": {
                "psr-0": {
                    "BigElephant\\Presenter": "src/"
                }
            },
            "notification-url": "https://packagist.org/downloads/",
            "authors": [
                {
                    "name": "Robbo",
                    "email": "robert@mercenarydesign.net"
                }
            ]
        },
        {
            "name": "ircmaxell/password-compat",
            "version": "1.0.x-dev",
            "source": {
                "type": "git",
                "url": "https://github.com/ircmaxell/password_compat.git",
                "reference": "v1.0.0"
            },
            "dist": {
                "type": "zip",
                "url": "https://api.github.com/repos/ircmaxell/password_compat/zipball/v1.0.0",
                "reference": "v1.0.0",
                "shasum": ""
            },
            "time": "2013-01-14 16:49:31",
            "type": "library",
            "autoload": {
                "files": [
                    "lib/password.php"
                ]
            },
            "notification-url": "https://packagist.org/downloads/",
            "license": [
                "MIT"
            ],
            "authors": [
                {
                    "name": "Anthony Ferrara",
                    "email": "ircmaxell@php.net",
                    "homepage": "http://blog.ircmaxell.com"
                }
            ],
            "description": "A compatibility library for the proposed simplified password hashing algorithm: https://wiki.php.net/rfc/password_hash",
            "homepage": "https://github.com/ircmaxell/password_compat",
            "keywords": [
                "hashing",
                "password"
            ]
        },
        {
            "name": "jasonlewis/expressive-date",
            "version": "v1.0.1",
            "source": {
                "type": "git",
                "url": "https://github.com/jasonlewis/expressive-date",
                "reference": "v1.0.1"
            },
            "dist": {
                "type": "zip",
                "url": "https://github.com/jasonlewis/expressive-date/archive/v1.0.1.zip",
                "reference": "v1.0.1",
                "shasum": ""
            },
            "require": {
                "php": ">=5.2.0"
            },
            "require-dev": {
                "mockery/mockery": "0.7.*"
            },
            "time": "2012-12-14 12:46:47",
            "type": "library",
            "autoload": {
                "classmap": [
                    "src"
                ]
            },
            "notification-url": "https://packagist.org/downloads/",
            "license": [
                "BSD-2-Clause"
            ],
            "authors": [
                {
                    "name": "Jason Lewis",
                    "email": "jason.lewis1991@gmail.com",
                    "homepage": "http://jasonlewis.me",
                    "role": "Creator"
                }
            ],
            "description": "A fluent extension to PHPs DateTime class.",
            "keywords": [
                "date",
                "time"
            ]
        },
        {
            "name": "laravel/framework",
            "version": "dev-master",
            "source": {
                "type": "git",
                "url": "http://github.com/laravel/framework",
                "reference": "525bd97463f3f85970b1f892cc98562d02d65667"
            },
            "dist": {
                "type": "zip",
                "url": "https://api.github.com/repos/laravel/framework/zipball/525bd97463f3f85970b1f892cc98562d02d65667",
                "reference": "525bd97463f3f85970b1f892cc98562d02d65667",
                "shasum": ""
            },
            "require": {
                "ircmaxell/password-compat": "1.0.*",
                "monolog/monolog": "1.3.*",
                "php": ">=5.3.0",
                "swiftmailer/swiftmailer": "4.3.*",
                "symfony/browser-kit": "2.2.*",
                "symfony/console": "2.2.*",
                "symfony/css-selector": "2.2.*",
                "symfony/dom-crawler": "2.2.*",
                "symfony/event-dispatcher": "2.2.*",
                "symfony/finder": "2.2.*",
                "symfony/http-foundation": "2.2.*",
                "symfony/http-kernel": "2.2.*",
                "symfony/process": "2.2.*",
                "symfony/routing": "2.2.*",
                "symfony/translation": "2.2.*"
            },
            "replace": {
                "illuminate/auth": "self.version",
                "illuminate/cache": "self.version",
                "illuminate/config": "self.version",
                "illuminate/console": "self.version",
                "illuminate/container": "self.version",
                "illuminate/cookie": "self.version",
                "illuminate/database": "self.version",
                "illuminate/encryption": "self.version",
                "illuminate/events": "self.version",
                "illuminate/exception": "self.version",
                "illuminate/filesystem": "self.version",
                "illuminate/foundation": "self.version",
                "illuminate/hashing": "self.version",
                "illuminate/http": "self.version",
                "illuminate/log": "self.version",
                "illuminate/mail": "self.version",
                "illuminate/pagination": "self.version",
                "illuminate/queue": "self.version",
                "illuminate/redis": "self.version",
                "illuminate/routing": "self.version",
                "illuminate/session": "self.version",
                "illuminate/support": "self.version",
                "illuminate/translation": "self.version",
                "illuminate/validation": "self.version",
                "illuminate/view": "self.version",
                "illuminate/workbench": "self.version"
            },
            "require-dev": {
                "iron-io/iron_mq": "1.4.*",
                "mockery/mockery": "0.7.2"
            },
            "time": "2013-02-12 15:21:45",
            "type": "library",
            "extra": {
                "branch-alias": {
                    "dev-master": "4.0-dev"
                }
            },
            "autoload": {
                "classmap": [
                    "src/Illuminate/Queue/Pheanstalk"
                ],
                "files": [
                    "src/Illuminate/Support/helpers.php"
                ],
                "psr-0": {
                    "Illuminate": "src/"
                }
            },
            "notification-url": "https://packagist.org/downloads/",
            "license": [
                "MIT"
            ],
            "authors": [
                {
                    "name": "Taylor Otwell",
                    "email": "taylorotwell@gmail.com"
                }
            ],
            "description": "The Laravel Framework.",
            "keywords": [
                "framework",
                "laravel"
            ]
        },
        {
            "name": "laravelbook/ardent",
            "version": "dev-master",
            "source": {
                "type": "git",
                "url": "https://github.com/laravelbook/ardent.git",
                "reference": "e47cad227a1e849586a520fc86f31fcf0ca05306"
            },
            "dist": {
                "type": "zip",
                "url": "https://api.github.com/repos/laravelbook/ardent/zipball/e47cad227a1e849586a520fc86f31fcf0ca05306",
                "reference": "e47cad227a1e849586a520fc86f31fcf0ca05306",
                "shasum": ""
            },
            "require": {
                "illuminate/database": "4.0.x",
                "illuminate/support": "4.0.x",
                "php": ">=5.3.0"
            },
            "time": "2013-02-02 12:03:55",
            "type": "library",
            "autoload": {
                "files": [
                    "src/LaravelBook/Ardent/Ardent.php"
                ],
                "psr-0": {
                    "LaravelBook\\Ardent": "src/"
                }
            },
            "notification-url": "https://packagist.org/downloads/",
            "license": [
                "BSD-3-Clause"
            ],
            "authors": [
                {
                    "name": "Max Ehsan",
                    "email": "contact@laravelbook.com",
                    "homepage": "http://laravelbook.com/",
                    "role": "Maintainer"
                }
            ],
            "description": "Self-validating smart models for Laravel 4's Eloquent O/RM",
            "homepage": "http://laravelbook.com/",
            "keywords": [
                "database",
                "eloquent",
                "framework",
                "laravel",
                "orm",
                "sql",
                "validation"
            ]
        },
        {
            "name": "laravelbook/laravel4-powerpack",
            "version": "dev-master",
            "source": {
                "type": "git",
                "url": "https://github.com/laravelbook/laravel4-powerpack.git",
                "reference": "5612d53b77753bf55fb32f38de7e8a952a88da99"
            },
            "dist": {
                "type": "zip",
                "url": "https://api.github.com/repos/laravelbook/laravel4-powerpack/zipball/5612d53b77753bf55fb32f38de7e8a952a88da99",
                "reference": "5612d53b77753bf55fb32f38de7e8a952a88da99",
                "shasum": ""
            },
            "require": {
                "illuminate/routing": "4.0.x",
                "illuminate/support": "4.0.x",
                "php": ">=5.3.0",
                "raveren/kint": "dev-master"
            },
            "time": "2013-02-01 08:03:15",
            "type": "library",
            "autoload": {
                "psr-0": {
                    "LaravelBook\\Laravel4Powerpack": "src/"
                }
            },
            "notification-url": "https://packagist.org/downloads/",
            "license": [
                "BSD-3-Clause"
            ],
            "authors": [
                {
                    "name": "Max Ehsan",
                    "email": "contact@laravelbook.com",
                    "homepage": "http://laravelbook.com/",
                    "role": "Maintainer"
                }
            ],
            "description": "Port of Laravel 3's HTML, Form and Str classes",
            "homepage": "http://laravelbook.com/",
            "keywords": [
                "form",
                "framework",
                "html",
                "laravel",
                "string",
                "support"
            ]
        },
        {
            "name": "monolog/monolog",
            "version": "1.3.1",
            "source": {
                "type": "git",
                "url": "https://github.com/Seldaek/monolog",
                "reference": "1.3.1"
            },
            "dist": {
                "type": "zip",
                "url": "https://api.github.com/repos/Seldaek/monolog/zipball/1.3.1",
                "reference": "1.3.1",
                "shasum": ""
            },
            "require": {
                "php": ">=5.3.0",
                "psr/log": ">=1.0,<2.0"
            },
            "require-dev": {
                "doctrine/couchdb": "dev-master",
                "mlehner/gelf-php": "1.0.*",
                "raven/raven": "0.3.*"
            },
            "suggest": {
                "doctrine/couchdb": "Allow sending log messages to a CouchDB server",
                "ext-amqp": "Allow sending log messages to an AMQP server (1.0+ required)",
                "ext-mongo": "Allow sending log messages to a MongoDB server",
                "mlehner/gelf-php": "Allow sending log messages to a GrayLog2 server",
                "raven/raven": "Allow sending log messages to a Sentry server"
            },
            "time": "2013-01-11 10:23:20",
            "type": "library",
            "extra": {
                "branch-alias": {
                    "dev-master": "1.3.x-dev"
                }
            },
            "autoload": {
                "psr-0": {
                    "Monolog": "src/"
                }
            },
            "notification-url": "https://packagist.org/downloads/",
            "license": [
                "MIT"
            ],
            "authors": [
                {
                    "name": "Jordi Boggiano",
                    "email": "j.boggiano@seld.be",
                    "homepage": "http://seld.be",
                    "role": "Developer"
                }
            ],
            "description": "Sends your logs to files, sockets, inboxes, databases and various web services",
            "homepage": "http://github.com/Seldaek/monolog",
            "keywords": [
                "log",
                "logging",
                "psr-3"
            ]
        },
        {
            "name": "psr/log",
            "version": "1.0.0",
            "source": {
                "type": "git",
                "url": "https://github.com/php-fig/log",
                "reference": "1.0.0"
            },
            "dist": {
                "type": "zip",
                "url": "https://github.com/php-fig/log/archive/1.0.0.zip",
                "reference": "1.0.0",
                "shasum": ""
            },
            "time": "2012-12-21 11:40:51",
            "type": "library",
            "autoload": {
                "psr-0": {
                    "Psr\\Log\\": ""
                }
            },
            "notification-url": "https://packagist.org/downloads/",
            "license": [
                "MIT"
            ],
            "authors": [
                {
                    "name": "PHP-FIG",
                    "homepage": "http://www.php-fig.org/"
                }
            ],
            "description": "Common interface for logging libraries",
            "keywords": [
                "log",
                "psr",
                "psr-3"
            ]
        },
        {
            "name": "raveren/kint",
            "version": "dev-master",
            "source": {
                "type": "git",
                "url": "https://github.com/raveren/kint.git",
                "reference": "0f6e5640957e1c9a8bba192eee86ba8d0e682488"
            },
            "dist": {
                "type": "zip",
                "url": "https://api.github.com/repos/raveren/kint/zipball/0f6e5640957e1c9a8bba192eee86ba8d0e682488",
                "reference": "0f6e5640957e1c9a8bba192eee86ba8d0e682488",
                "shasum": ""
            },
            "require": {
                "php": ">=5.2.0"
            },
            "time": "2013-01-16 15:18:51",
            "type": "library",
            "autoload": {
                "files": [
                    "Kint.class.php"
                ]
            },
            "notification-url": "https://packagist.org/downloads/",
            "license": [
                "MIT"
            ],
            "authors": [
                {
                    "name": "Rokas Šleinius",
                    "homepage": "https://github.com/raveren"
                },
                {
                    "name": "Contributors",
                    "homepage": "https://github.com/raveren/kint/contributors"
                }
            ],
            "description": "Kint - debugging helper for PHP developers",
            "homepage": "https://github.com/raveren/kint",
            "keywords": [
                "debug",
                "kint",
                "php"
            ]
        },
        {
            "name": "swiftmailer/swiftmailer",
            "version": "dev-master",
            "source": {
                "type": "git",
                "url": "git://github.com/swiftmailer/swiftmailer.git",
                "reference": "b6bfc8f7f8ae5dac7883885ee323dc3b53ab7d21"
            },
            "dist": {
                "type": "zip",
                "url": "https://api.github.com/repos/swiftmailer/swiftmailer/zipball/b6bfc8f7f8ae5dac7883885ee323dc3b53ab7d21",
                "reference": "b6bfc8f7f8ae5dac7883885ee323dc3b53ab7d21",
                "shasum": ""
            },
            "require": {
                "php": ">=5.2.4"
            },
            "time": "2013-02-04 10:09:01",
            "type": "library",
            "extra": {
                "branch-alias": {
                    "dev-master": "4.3-dev"
                }
            },
            "autoload": {
                "files": [
                    "lib/swift_required.php"
                ]
            },
            "notification-url": "https://packagist.org/downloads/",
            "license": [
                "LGPL"
            ],
            "authors": [
                {
                    "name": "Fabien Potencier",
                    "email": "fabien@symfony.com"
                },
                {
                    "name": "Chris Corbyn"
                }
            ],
            "description": "Swiftmailer, free feature-rich PHP mailer",
            "homepage": "http://swiftmailer.org",
            "keywords": [
                "mail",
                "mailer"
            ]
        },
        {
            "name": "symfony/browser-kit",
            "version": "2.2.x-dev",
            "target-dir": "Symfony/Component/BrowserKit",
            "source": {
                "type": "git",
                "url": "https://github.com/symfony/BrowserKit",
                "reference": "v2.2.0-RC2"
            },
            "dist": {
                "type": "zip",
                "url": "https://api.github.com/repos/symfony/BrowserKit/zipball/v2.2.0-RC2",
                "reference": "v2.2.0-RC2",
                "shasum": ""
            },
            "require": {
                "php": ">=5.3.3",
                "symfony/dom-crawler": ">=2.0,<3.0"
            },
            "require-dev": {
                "symfony/css-selector": ">=2.0,<3.0",
                "symfony/process": ">=2.0,<3.0"
            },
            "suggest": {
                "symfony/process": "2.2.*"
            },
            "time": "2013-02-08 16:10:53",
            "type": "library",
            "extra": {
                "branch-alias": {
                    "dev-master": "2.2-dev"
                }
            },
            "autoload": {
                "psr-0": {
                    "Symfony\\Component\\BrowserKit\\": ""
                }
            },
            "notification-url": "https://packagist.org/downloads/",
            "license": [
                "MIT"
            ],
            "authors": [
                {
                    "name": "Fabien Potencier",
                    "email": "fabien@symfony.com"
                },
                {
                    "name": "Symfony Community",
                    "homepage": "http://symfony.com/contributors"
                }
            ],
            "description": "Symfony BrowserKit Component",
            "homepage": "http://symfony.com"
        },
        {
            "name": "symfony/console",
            "version": "2.2.x-dev",
            "target-dir": "Symfony/Component/Console",
            "source": {
                "type": "git",
                "url": "https://github.com/symfony/Console",
                "reference": "v2.2.0-RC1"
            },
            "dist": {
                "type": "zip",
                "url": "https://api.github.com/repos/symfony/Console/zipball/v2.2.0-RC1",
                "reference": "v2.2.0-RC1",
                "shasum": ""
            },
            "require": {
                "php": ">=5.3.3"
            },
            "time": "2013-01-24 15:55:08",
            "type": "library",
            "extra": {
                "branch-alias": {
                    "dev-master": "2.2-dev"
                }
            },
            "autoload": {
                "psr-0": {
                    "Symfony\\Component\\Console\\": ""
                }
            },
            "notification-url": "https://packagist.org/downloads/",
            "license": [
                "MIT"
            ],
            "authors": [
                {
                    "name": "Fabien Potencier",
                    "email": "fabien@symfony.com"
                },
                {
                    "name": "Symfony Community",
                    "homepage": "http://symfony.com/contributors"
                }
            ],
            "description": "Symfony Console Component",
            "homepage": "http://symfony.com"
        },
        {
            "name": "symfony/css-selector",
            "version": "2.2.x-dev",
            "target-dir": "Symfony/Component/CssSelector",
            "source": {
                "type": "git",
                "url": "https://github.com/symfony/CssSelector",
                "reference": "v2.2.0-BETA2"
            },
            "dist": {
                "type": "zip",
                "url": "https://api.github.com/repos/symfony/CssSelector/zipball/v2.2.0-BETA2",
                "reference": "v2.2.0-BETA2",
                "shasum": ""
            },
            "require": {
                "php": ">=5.3.3"
            },
            "time": "2013-01-17 15:25:59",
            "type": "library",
            "extra": {
                "branch-alias": {
                    "dev-master": "2.2-dev"
                }
            },
            "autoload": {
                "psr-0": {
                    "Symfony\\Component\\CssSelector\\": ""
                }
            },
            "notification-url": "https://packagist.org/downloads/",
            "license": [
                "MIT"
            ],
            "authors": [
                {
                    "name": "Fabien Potencier",
                    "email": "fabien@symfony.com"
                },
                {
                    "name": "Symfony Community",
                    "homepage": "http://symfony.com/contributors"
                }
            ],
            "description": "Symfony CssSelector Component",
            "homepage": "http://symfony.com"
        },
        {
            "name": "symfony/dom-crawler",
            "version": "2.2.x-dev",
            "target-dir": "Symfony/Component/DomCrawler",
            "source": {
                "type": "git",
                "url": "https://github.com/symfony/DomCrawler",
                "reference": "v2.2.0-RC2"
            },
            "dist": {
                "type": "zip",
                "url": "https://api.github.com/repos/symfony/DomCrawler/zipball/v2.2.0-RC2",
                "reference": "v2.2.0-RC2",
                "shasum": ""
            },
            "require": {
                "php": ">=5.3.3"
            },
            "require-dev": {
                "symfony/css-selector": ">=2.0,<3.0"
            },
            "suggest": {
                "symfony/css-selector": "2.2.*"
            },
            "time": "2013-02-08 16:10:52",
            "type": "library",
            "extra": {
                "branch-alias": {
                    "dev-master": "2.2-dev"
                }
            },
            "autoload": {
                "psr-0": {
                    "Symfony\\Component\\DomCrawler\\": ""
                }
            },
            "notification-url": "https://packagist.org/downloads/",
            "license": [
                "MIT"
            ],
            "authors": [
                {
                    "name": "Fabien Potencier",
                    "email": "fabien@symfony.com"
                },
                {
                    "name": "Symfony Community",
                    "homepage": "http://symfony.com/contributors"
                }
            ],
            "description": "Symfony DomCrawler Component",
            "homepage": "http://symfony.com"
        },
        {
            "name": "symfony/event-dispatcher",
            "version": "2.2.x-dev",
            "target-dir": "Symfony/Component/EventDispatcher",
            "source": {
                "type": "git",
                "url": "https://github.com/symfony/EventDispatcher",
                "reference": "v2.2.0-RC2"
            },
            "dist": {
                "type": "zip",
                "url": "https://api.github.com/repos/symfony/EventDispatcher/zipball/v2.2.0-RC2",
                "reference": "v2.2.0-RC2",
                "shasum": ""
            },
            "require": {
                "php": ">=5.3.3"
            },
            "require-dev": {
                "symfony/dependency-injection": ">=2.0,<3.0"
            },
            "suggest": {
                "symfony/dependency-injection": "2.2.*",
                "symfony/http-kernel": "2.2.*"
            },
            "time": "2013-02-11 11:26:43",
            "type": "library",
            "extra": {
                "branch-alias": {
                    "dev-master": "2.2-dev"
                }
            },
            "autoload": {
                "psr-0": {
                    "Symfony\\Component\\EventDispatcher\\": ""
                }
            },
            "notification-url": "https://packagist.org/downloads/",
            "license": [
                "MIT"
            ],
            "authors": [
                {
                    "name": "Fabien Potencier",
                    "email": "fabien@symfony.com"
                },
                {
                    "name": "Symfony Community",
                    "homepage": "http://symfony.com/contributors"
                }
            ],
            "description": "Symfony EventDispatcher Component",
            "homepage": "http://symfony.com"
        },
        {
            "name": "symfony/finder",
            "version": "2.2.x-dev",
            "target-dir": "Symfony/Component/Finder",
            "source": {
                "type": "git",
                "url": "https://github.com/symfony/Finder",
                "reference": "v2.2.0-RC1"
            },
            "dist": {
                "type": "zip",
                "url": "https://api.github.com/repos/symfony/Finder/zipball/v2.2.0-RC1",
                "reference": "v2.2.0-RC1",
                "shasum": ""
            },
            "require": {
                "php": ">=5.3.3"
            },
            "time": "2013-02-04 12:41:13",
            "type": "library",
            "extra": {
                "branch-alias": {
                    "dev-master": "2.2-dev"
                }
            },
            "autoload": {
                "psr-0": {
                    "Symfony\\Component\\Finder\\": ""
                }
            },
            "notification-url": "https://packagist.org/downloads/",
            "license": [
                "MIT"
            ],
            "authors": [
                {
                    "name": "Fabien Potencier",
                    "email": "fabien@symfony.com"
                },
                {
                    "name": "Symfony Community",
                    "homepage": "http://symfony.com/contributors"
                }
            ],
            "description": "Symfony Finder Component",
            "homepage": "http://symfony.com"
        },
        {
            "name": "symfony/http-foundation",
            "version": "2.2.x-dev",
            "target-dir": "Symfony/Component/HttpFoundation",
            "source": {
                "type": "git",
                "url": "https://github.com/symfony/HttpFoundation",
                "reference": "v2.2.0-RC2"
            },
            "dist": {
                "type": "zip",
                "url": "https://api.github.com/repos/symfony/HttpFoundation/zipball/v2.2.0-RC2",
                "reference": "v2.2.0-RC2",
                "shasum": ""
            },
            "require": {
                "php": ">=5.3.3"
            },
            "time": "2013-02-11 12:46:49",
            "type": "library",
            "extra": {
                "branch-alias": {
                    "dev-master": "2.2-dev"
                }
            },
            "autoload": {
                "psr-0": {
                    "Symfony\\Component\\HttpFoundation\\": ""
                },
                "classmap": [
                    "Symfony/Component/HttpFoundation/Resources/stubs"
                ]
            },
            "notification-url": "https://packagist.org/downloads/",
            "license": [
                "MIT"
            ],
            "authors": [
                {
                    "name": "Fabien Potencier",
                    "email": "fabien@symfony.com"
                },
                {
                    "name": "Symfony Community",
                    "homepage": "http://symfony.com/contributors"
                }
            ],
            "description": "Symfony HttpFoundation Component",
            "homepage": "http://symfony.com"
        },
        {
            "name": "symfony/http-kernel",
            "version": "2.2.x-dev",
            "target-dir": "Symfony/Component/HttpKernel",
            "source": {
                "type": "git",
                "url": "https://github.com/symfony/HttpKernel",
                "reference": "c58c0389b13783254005923dbd130e2c20c587b2"
            },
            "dist": {
                "type": "zip",
                "url": "https://api.github.com/repos/symfony/HttpKernel/zipball/c58c0389b13783254005923dbd130e2c20c587b2",
                "reference": "c58c0389b13783254005923dbd130e2c20c587b2",
                "shasum": ""
            },
            "require": {
                "php": ">=5.3.3",
                "psr/log": ">=1.0,<2.0",
                "symfony/event-dispatcher": ">=2.1,<3.0",
                "symfony/http-foundation": ">=2.2,<2.3-dev"
            },
            "require-dev": {
                "symfony/browser-kit": "2.2.*",
                "symfony/class-loader": ">=2.1,<3.0",
                "symfony/config": ">=2.0,<3.0",
                "symfony/console": "2.2.*",
                "symfony/dependency-injection": ">=2.0,<3.0",
                "symfony/finder": ">=2.0,<3.0",
                "symfony/process": ">=2.0,<3.0",
                "symfony/routing": ">=2.2,<2.3-dev",
                "symfony/stopwatch": ">=2.2,<2.3-dev"
            },
            "suggest": {
                "symfony/browser-kit": "2.2.*",
                "symfony/class-loader": "2.2.*",
                "symfony/config": "2.2.*",
                "symfony/console": "2.2.*",
                "symfony/dependency-injection": "2.2.*",
                "symfony/finder": "2.2.*"
            },
            "time": "2013-02-11 15:24:43",
            "type": "library",
            "extra": {
                "branch-alias": {
                    "dev-master": "2.2-dev"
                }
            },
            "autoload": {
                "psr-0": {
                    "Symfony\\Component\\HttpKernel\\": ""
                }
            },
            "notification-url": "https://packagist.org/downloads/",
            "license": [
                "MIT"
            ],
            "authors": [
                {
                    "name": "Fabien Potencier",
                    "email": "fabien@symfony.com"
                },
                {
                    "name": "Symfony Community",
                    "homepage": "http://symfony.com/contributors"
                }
            ],
            "description": "Symfony HttpKernel Component",
            "homepage": "http://symfony.com"
        },
        {
            "name": "symfony/process",
            "version": "2.2.x-dev",
            "target-dir": "Symfony/Component/Process",
            "source": {
                "type": "git",
                "url": "https://github.com/symfony/Process",
                "reference": "v2.2.0-RC1"
            },
            "dist": {
                "type": "zip",
                "url": "https://api.github.com/repos/symfony/Process/zipball/v2.2.0-RC1",
                "reference": "v2.2.0-RC1",
                "shasum": ""
            },
            "require": {
                "php": ">=5.3.3"
            },
            "time": "2013-01-31 18:27:04",
            "type": "library",
            "extra": {
                "branch-alias": {
                    "dev-master": "2.2-dev"
                }
            },
            "autoload": {
                "psr-0": {
                    "Symfony\\Component\\Process\\": ""
                }
            },
            "notification-url": "https://packagist.org/downloads/",
            "license": [
                "MIT"
            ],
            "authors": [
                {
                    "name": "Fabien Potencier",
                    "email": "fabien@symfony.com"
                },
                {
                    "name": "Symfony Community",
                    "homepage": "http://symfony.com/contributors"
                }
            ],
            "description": "Symfony Process Component",
            "homepage": "http://symfony.com"
        },
        {
            "name": "symfony/routing",
            "version": "2.2.x-dev",
            "target-dir": "Symfony/Component/Routing",
            "source": {
                "type": "git",
                "url": "https://github.com/symfony/Routing",
                "reference": "v2.2.0-RC2"
            },
            "dist": {
                "type": "zip",
                "url": "https://api.github.com/repos/symfony/Routing/zipball/v2.2.0-RC2",
                "reference": "v2.2.0-RC2",
                "shasum": ""
            },
            "require": {
                "php": ">=5.3.3"
            },
            "require-dev": {
                "doctrine/common": ">=2.2,<3.0",
                "psr/log": ">=1.0,<2.0",
                "symfony/config": ">=2.2,<2.3-dev",
                "symfony/yaml": ">=2.0,<3.0"
            },
            "suggest": {
                "doctrine/common": "~2.2",
                "symfony/config": "2.2.*",
                "symfony/yaml": "2.2.*"
            },
            "time": "2013-02-11 11:24:47",
            "type": "library",
            "extra": {
                "branch-alias": {
                    "dev-master": "2.2-dev"
                }
            },
            "autoload": {
                "psr-0": {
                    "Symfony\\Component\\Routing\\": ""
                }
            },
            "notification-url": "https://packagist.org/downloads/",
            "license": [
                "MIT"
            ],
            "authors": [
                {
                    "name": "Fabien Potencier",
                    "email": "fabien@symfony.com"
                },
                {
                    "name": "Symfony Community",
                    "homepage": "http://symfony.com/contributors"
                }
            ],
            "description": "Symfony Routing Component",
            "homepage": "http://symfony.com"
        },
        {
            "name": "symfony/translation",
            "version": "2.2.x-dev",
            "target-dir": "Symfony/Component/Translation",
            "source": {
                "type": "git",
                "url": "https://github.com/symfony/Translation",
                "reference": "v2.2.0-RC2"
            },
            "dist": {
                "type": "zip",
                "url": "https://api.github.com/repos/symfony/Translation/zipball/v2.2.0-RC2",
                "reference": "v2.2.0-RC2",
                "shasum": ""
            },
            "require": {
                "php": ">=5.3.3"
            },
            "require-dev": {
                "symfony/config": ">=2.0,<2.3-dev",
                "symfony/yaml": ">=2.2,<3.0"
            },
            "suggest": {
                "symfony/config": "2.2.*",
                "symfony/yaml": "2.2.*"
            },
            "time": "2013-02-08 16:10:57",
            "type": "library",
            "extra": {
                "branch-alias": {
                    "dev-master": "2.2-dev"
                }
            },
            "autoload": {
                "psr-0": {
                    "Symfony\\Component\\Translation\\": ""
                }
            },
            "notification-url": "https://packagist.org/downloads/",
            "license": [
                "MIT"
            ],
            "authors": [
                {
                    "name": "Fabien Potencier",
                    "email": "fabien@symfony.com"
                },
                {
                    "name": "Symfony Community",
                    "homepage": "http://symfony.com/contributors"
                }
            ],
            "description": "Symfony Translation Component",
            "homepage": "http://symfony.com"
        },
        {
            "name": "zizaco/confide",
            "version": "dev-master",
            "source": {
                "type": "git",
                "url": "git://github.com/Zizaco/confide.git",
                "reference": "0f19bbe20e0aeb0e6b1b02d8cbba6ed0ca9b42c0"
            },
            "dist": {
                "type": "zip",
                "url": "https://api.github.com/repos/Zizaco/confide/zipball/0f19bbe20e0aeb0e6b1b02d8cbba6ed0ca9b42c0",
                "reference": "0f19bbe20e0aeb0e6b1b02d8cbba6ed0ca9b42c0",
                "shasum": ""
            },
            "require": {
                "illuminate/support": "4.0.x",
                "laravelbook/ardent": "*",
                "php": ">=5.3.0"
            },
            "require-dev": {
                "illuminate/auth": "4.0.x",
                "illuminate/database": "4.0.x",
                "mockery/mockery": "0.7.2"
            },
            "suggest": {
                "zizaco/entrust": "add Role-based Permissions to Laravel 4"
            },
            "time": "2013-02-11 15:28:15",
            "type": "library",
            "autoload": {
                "classmap": [
                    "src/migrations",
                    "src/commands"
                ],
                "psr-0": {
                    "Zizaco\\Confide": "src/"
                }
            },
            "notification-url": "https://packagist.org/downloads/",
            "license": [
                "MIT"
            ],
            "authors": [
                {
                    "name": "Zizaco Zizuini",
                    "email": "zizaco@gmail.com"
                }
            ],
            "description": "Confide is an authentication solution for Laravel 4",
            "keywords": [
                "auth",
                "illuminate",
                "laravel"
            ]
        },
        {
            "name": "zizaco/entrust",
            "version": "dev-master",
            "source": {
                "type": "git",
                "url": "git://github.com/Zizaco/entrust.git",
                "reference": "07bb1a50be2e3f65fee62dde8ed74867cda91212"
            },
            "dist": {
                "type": "zip",
                "url": "https://api.github.com/repos/Zizaco/entrust/zipball/07bb1a50be2e3f65fee62dde8ed74867cda91212",
                "reference": "07bb1a50be2e3f65fee62dde8ed74867cda91212",
                "shasum": ""
            },
            "require": {
                "illuminate/support": "4.0.x",
                "laravelbook/ardent": "*",
                "php": ">=5.4.0"
            },
            "require-dev": {
                "illuminate/database": "4.0.x",
                "mockery/mockery": "0.7.2",
                "zizaco/factory-muff": "dev-master"
            },
            "suggest": {
                "zizaco/confide": "Confide is an authentication solution for Laravel 4 that couples very well with Entrust"
            },
            "time": "2013-02-11 15:28:10",
            "type": "library",
            "autoload": {
                "classmap": [
                    "src/commands"
                ],
                "psr-0": {
                    "Zizaco\\Entrust": "src/"
                }
            },
            "notification-url": "https://packagist.org/downloads/",
            "license": [
                "MIT"
            ],
            "authors": [
                {
                    "name": "Zizaco Zizuini",
                    "email": "zizaco@gmail.com"
                }
            ],
            "description": "This package provides a flexible way to add Role-based Permissions to Laravel 4",
            "keywords": [
                "auth",
                "illuminate",
                "laravel",
                "roles"
            ]
        }
    ],
    "packages-dev": null,
    "aliases": [

    ],
    "minimum-stability": "dev",
    "stability-flags": {
        "zizaco/confide": 20,
        "zizaco/entrust": 20,
        "laravelbook/laravel4-powerpack": 20,
        "bigelephant/presenter": 20
    }
}
